
Microsoft Visual Studio Solution File, Format Version 12.00
# Visual Studio Version 17
VisualStudioVersion = 17.0.32014.148
MinimumVisualStudioVersion = 10.0.40219.1
Project("{FAE04EC0-301F-11D3-BF4B-00C04F79EFBC}") = "Autos", "Autos.csproj", "{EA5A6861-C2B6-4735-B333-349716341645}"
EndProject
Project("{FAE04EC0-301F-11D3-BF4B-00C04F79EFBC}") = "Entity", "..\Entity\Entity.csproj", "{B4ACB358-63D6-4DCB-A312-BF07BB8EAC05}"
EndProject
Project("{FAE04EC0-301F-11D3-BF4B-00C04F79EFBC}") = "Repository", "..\Repository\Repository.csproj", "{DCF3829B-1027-430E-9D0E-C0E6713CA91B}"
EndProject
Project("{FAE04EC0-301F-11D3-BF4B-00C04F79EFBC}") = "Infrastructure", "..\Infrastructure\Infrastructure.csproj", "{D772EB82-7B80-43BB-B067-2C7E538C20ED}"
EndProject
Project("{FAE04EC0-301F-11D3-BF4B-00C04F79EFBC}") = "Domain", "..\Domain\Domain.csproj", "{47F3A35E-D9BF-4ACA-96AC-10DF2A368F9F}"
EndProject
Project("{FAE04EC0-301F-11D3-BF4B-00C04F79EFBC}") = "XUTest", "..\XUTest\XUTest.csproj", "{F7872045-5EDA-4336-8C59-3AFC8583CD29}"
EndProject
Global
	GlobalSection(SolutionConfigurationPlatforms) = preSolution
		Debug|Any CPU = Debug|Any CPU
		Release|Any CPU = Release|Any CPU
	EndGlobalSection
	GlobalSection(ProjectConfigurationPlatforms) = postSolution
		{EA5A6861-C2B6-4735-B333-349716341645}.Debug|Any CPU.ActiveCfg = Debug|Any CPU
		{EA5A6861-C2B6-4735-B333-349716341645}.Debug|Any CPU.Build.0 = Debug|Any CPU
		{EA5A6861-C2B6-4735-B333-349716341645}.Release|Any CPU.ActiveCfg = Release|Any CPU
		{EA5A6861-C2B6-4735-B333-349716341645}.Release|Any CPU.Build.0 = Release|Any CPU
		{B4ACB358-63D6-4DCB-A312-BF07BB8EAC05}.Debug|Any CPU.ActiveCfg = Debug|Any CPU
		{B4ACB358-63D6-4DCB-A312-BF07BB8EAC05}.Debug|Any CPU.Build.0 = Debug|Any CPU
		{B4ACB358-63D6-4DCB-A312-BF07BB8EAC05}.Release|Any CPU.ActiveCfg = Release|Any CPU
		{B4ACB358-63D6-4DCB-A312-BF07BB8EAC05}.Release|Any CPU.Build.0 = Release|Any CPU
		{DCF3829B-1027-430E-9D0E-C0E6713CA91B}.Debug|Any CPU.ActiveCfg = Debug|Any CPU
		{DCF3829B-1027-430E-9D0E-C0E6713CA91B}.Debug|Any CPU.Build.0 = Debug|Any CPU
		{DCF3829B-1027-430E-9D0E-C0E6713CA91B}.Release|Any CPU.ActiveCfg = Release|Any CPU
		{DCF3829B-1027-430E-9D0E-C0E6713CA91B}.Release|Any CPU.Build.0 = Release|Any CPU
		{D772EB82-7B80-43BB-B067-2C7E538C20ED}.Debug|Any CPU.ActiveCfg = Debug|Any CPU
		{D772EB82-7B80-43BB-B067-2C7E538C20ED}.Debug|Any CPU.Build.0 = Debug|Any CPU
		{D772EB82-7B80-43BB-B067-2C7E538C20ED}.Release|Any CPU.ActiveCfg = Release|Any CPU
		{D772EB82-7B80-43BB-B067-2C7E538C20ED}.Release|Any CPU.Build.0 = Release|Any CPU
		{47F3A35E-D9BF-4ACA-96AC-10DF2A368F9F}.Debug|Any CPU.ActiveCfg = Debug|Any CPU
		{47F3A35E-D9BF-4ACA-96AC-10DF2A368F9F}.Debug|Any CPU.Build.0 = Debug|Any CPU
		{47F3A35E-D9BF-4ACA-96AC-10DF2A368F9F}.Release|Any CPU.ActiveCfg = Release|Any CPU
		{47F3A35E-D9BF-4ACA-96AC-10DF2A368F9F}.Release|Any CPU.Build.0 = Release|Any CPU
		{F7872045-5EDA-4336-8C59-3AFC8583CD29}.Debug|Any CPU.ActiveCfg = Debug|Any CPU
		{F7872045-5EDA-4336-8C59-3AFC8583CD29}.Debug|Any CPU.Build.0 = Debug|Any CPU
		{F7872045-5EDA-4336-8C59-3AFC8583CD29}.Release|Any CPU.ActiveCfg = Release|Any CPU
		{F7872045-5EDA-4336-8C59-3AFC8583CD29}.Release|Any CPU.Build.0 = Release|Any CPU
	EndGlobalSection
	GlobalSection(SolutionProperties) = preSolution
		HideSolutionNode = FALSE
	EndGlobalSection
	GlobalSection(ExtensibilityGlobals) = postSolution
		SolutionGuid = {7AC275C5-6298-469F-A610-7C8726F69CDB}
	EndGlobalSection
EndGlobal
